
Microsoft Visual Studio Solution File, Format Version 12.00
# Visual Studio Version 17
VisualStudioVersion = 17.0.31903.59
MinimumVisualStudioVersion = 10.0.40219.1
Project("{FAE04EC0-301F-11D3-BF4B-00C04F79EFBC}") = "Glekcraft", "Glekcraft\Glekcraft.csproj", "{3AB4F119-C641-4733-9C0E-1497DDFC8D1E}"
EndProject
Project("{2150E333-8FDC-42A3-9474-1A3956D46DE8}") = "tests", "tests", "{0AB3BF05-4346-4AA6-1389-037BE0695223}"
EndProject
Project("{2150E333-8FDC-42A3-9474-1A3956D46DE8}") = "Glekcraft", "Glekcraft", "{D7D4FAE4-BF23-E419-97CF-49A63FB0FC8B}"
EndProject
Project("{FAE04EC0-301F-11D3-BF4B-00C04F79EFBC}") = "Glekcraft.Tests", "tests\Glekcraft\Glekcraft.Tests.csproj", "{75CC0B7F-D75C-42B1-8559-7A715AE77837}"
EndProject
Project("{2150E333-8FDC-42A3-9474-1A3956D46DE8}") = "packages", "packages", "{809F86A1-1C4C-B159-0CD4-DF9D33D876CE}"
EndProject
Project("{FAE04EC0-301F-11D3-BF4B-00C04F79EFBC}") = "Graphics.GLFW.Native", "packages\Graphics.GLFW.Native\Graphics.GLFW.Native.csproj", "{89C13F4F-BE2D-4DC7-857C-7F865E9E839D}"
EndProject
Global
	GlobalSection(SolutionConfigurationPlatforms) = preSolution
		Debug|Any CPU = Debug|Any CPU
		Debug|x64 = Debug|x64
		Debug|x86 = Debug|x86
		Release|Any CPU = Release|Any CPU
		Release|x64 = Release|x64
		Release|x86 = Release|x86
	EndGlobalSection
	GlobalSection(ProjectConfigurationPlatforms) = postSolution
		{3AB4F119-C641-4733-9C0E-1497DDFC8D1E}.Debug|Any CPU.ActiveCfg = Debug|Any CPU
		{3AB4F119-C641-4733-9C0E-1497DDFC8D1E}.Debug|Any CPU.Build.0 = Debug|Any CPU
		{3AB4F119-C641-4733-9C0E-1497DDFC8D1E}.Debug|x64.ActiveCfg = Debug|Any CPU
		{3AB4F119-C641-4733-9C0E-1497DDFC8D1E}.Debug|x64.Build.0 = Debug|Any CPU
		{3AB4F119-C641-4733-9C0E-1497DDFC8D1E}.Debug|x86.ActiveCfg = Debug|Any CPU
		{3AB4F119-C641-4733-9C0E-1497DDFC8D1E}.Debug|x86.Build.0 = Debug|Any CPU
		{3AB4F119-C641-4733-9C0E-1497DDFC8D1E}.Release|Any CPU.ActiveCfg = Release|Any CPU
		{3AB4F119-C641-4733-9C0E-1497DDFC8D1E}.Release|Any CPU.Build.0 = Release|Any CPU
		{3AB4F119-C641-4733-9C0E-1497DDFC8D1E}.Release|x64.ActiveCfg = Release|Any CPU
		{3AB4F119-C641-4733-9C0E-1497DDFC8D1E}.Release|x64.Build.0 = Release|Any CPU
		{3AB4F119-C641-4733-9C0E-1497DDFC8D1E}.Release|x86.ActiveCfg = Release|Any CPU
		{3AB4F119-C641-4733-9C0E-1497DDFC8D1E}.Release|x86.Build.0 = Release|Any CPU
		{75CC0B7F-D75C-42B1-8559-7A715AE77837}.Debug|Any CPU.ActiveCfg = Debug|Any CPU
		{75CC0B7F-D75C-42B1-8559-7A715AE77837}.Debug|Any CPU.Build.0 = Debug|Any CPU
		{75CC0B7F-D75C-42B1-8559-7A715AE77837}.Debug|x64.ActiveCfg = Debug|Any CPU
		{75CC0B7F-D75C-42B1-8559-7A715AE77837}.Debug|x64.Build.0 = Debug|Any CPU
		{75CC0B7F-D75C-42B1-8559-7A715AE77837}.Debug|x86.ActiveCfg = Debug|Any CPU
		{75CC0B7F-D75C-42B1-8559-7A715AE77837}.Debug|x86.Build.0 = Debug|Any CPU
		{75CC0B7F-D75C-42B1-8559-7A715AE77837}.Release|Any CPU.ActiveCfg = Release|Any CPU
		{75CC0B7F-D75C-42B1-8559-7A715AE77837}.Release|Any CPU.Build.0 = Release|Any CPU
		{75CC0B7F-D75C-42B1-8559-7A715AE77837}.Release|x64.ActiveCfg = Release|Any CPU
		{75CC0B7F-D75C-42B1-8559-7A715AE77837}.Release|x64.Build.0 = Release|Any CPU
		{75CC0B7F-D75C-42B1-8559-7A715AE77837}.Release|x86.ActiveCfg = Release|Any CPU
		{75CC0B7F-D75C-42B1-8559-7A715AE77837}.Release|x86.Build.0 = Release|Any CPU
		{89C13F4F-BE2D-4DC7-857C-7F865E9E839D}.Debug|Any CPU.ActiveCfg = Debug|Any CPU
		{89C13F4F-BE2D-4DC7-857C-7F865E9E839D}.Debug|Any CPU.Build.0 = Debug|Any CPU
		{89C13F4F-BE2D-4DC7-857C-7F865E9E839D}.Debug|x64.ActiveCfg = Debug|Any CPU
		{89C13F4F-BE2D-4DC7-857C-7F865E9E839D}.Debug|x64.Build.0 = Debug|Any CPU
		{89C13F4F-BE2D-4DC7-857C-7F865E9E839D}.Debug|x86.ActiveCfg = Debug|Any CPU
		{89C13F4F-BE2D-4DC7-857C-7F865E9E839D}.Debug|x86.Build.0 = Debug|Any CPU
		{89C13F4F-BE2D-4DC7-857C-7F865E9E839D}.Release|Any CPU.ActiveCfg = Release|Any CPU
		{89C13F4F-BE2D-4DC7-857C-7F865E9E839D}.Release|Any CPU.Build.0 = Release|Any CPU
		{89C13F4F-BE2D-4DC7-857C-7F865E9E839D}.Release|x64.ActiveCfg = Release|Any CPU
		{89C13F4F-BE2D-4DC7-857C-7F865E9E839D}.Release|x64.Build.0 = Release|Any CPU
		{89C13F4F-BE2D-4DC7-857C-7F865E9E839D}.Release|x86.ActiveCfg = Release|Any CPU
		{89C13F4F-BE2D-4DC7-857C-7F865E9E839D}.Release|x86.Build.0 = Release|Any CPU
	EndGlobalSection
	GlobalSection(SolutionProperties) = preSolution
		HideSolutionNode = FALSE
	EndGlobalSection
	GlobalSection(NestedProjects) = preSolution
		{D7D4FAE4-BF23-E419-97CF-49A63FB0FC8B} = {0AB3BF05-4346-4AA6-1389-037BE0695223}
		{75CC0B7F-D75C-42B1-8559-7A715AE77837} = {D7D4FAE4-BF23-E419-97CF-49A63FB0FC8B}
		{89C13F4F-BE2D-4DC7-857C-7F865E9E839D} = {809F86A1-1C4C-B159-0CD4-DF9D33D876CE}
	EndGlobalSection
EndGlobal
