{
  "version": 1,
  "dependencies": {
    "net8.0": {
      "coverlet.collector": {
        "type": "Direct",
        "requested": "[6.0.2, )",
        "resolved": "6.0.2",
        "contentHash": "bJShQ6uWRTQ100ZeyiMqcFlhP7WJ+bCuabUs885dJiBEzMsJMSFr7BOyeCw4rgvQokteGi5rKQTlkhfQPUXg2A=="
      },
      "FluentAssertions": {
        "type": "Direct",
        "requested": "[6.12.0, )",
        "resolved": "6.12.0",
        "contentHash": "ZXhHT2YwP9lajrwSKbLlFqsmCCvFJMoRSK9t7sImfnCyd0OB3MhgxdoMcVqxbq1iyxD6mD2fiackWmBb7ayiXQ==",
        "dependencies": {
          "System.Configuration.ConfigurationManager": "4.4.0"
        }
      },
      "FluentAssertions.ArgumentMatchers.Moq": {
        "type": "Direct",
        "requested": "[3.1.0, )",
        "resolved": "3.1.0",
        "contentHash": "NxeVGI7JlmGsyiqqJgNSH4RE2NUfFN3CwFwczirM8o5YixMwj0RuPkkXM+6RVAGD4RebSrO9vdgF0UungU7TeA==",
        "dependencies": {
          "FluentAssertions": "[6.0.0, 7.0.0)",
          "Moq": "[4.13.0, 5.0.0)"
        }
      },
      "Microsoft.NET.Test.Sdk": {
        "type": "Direct",
        "requested": "[17.9.0, )",
        "resolved": "17.9.0",
        "contentHash": "7GUNAUbJYn644jzwLm5BD3a2p9C1dmP8Hr6fDPDxgItQk9hBs1Svdxzz07KQ/UphMSmgza9AbijBJGmw5D658A==",
        "dependencies": {
          "Microsoft.CodeCoverage": "17.9.0",
          "Microsoft.TestPlatform.TestHost": "17.9.0"
        }
      },
      "Moq": {
        "type": "Direct",
        "requested": "[4.20.70, )",
        "resolved": "4.20.70",
        "contentHash": "4rNnAwdpXJBuxqrOCzCyICXHSImOTRktCgCWXWykuF1qwoIsVvEnR7PjbMk/eLOxWvhmj5Kwt+kDV3RGUYcNwg==",
        "dependencies": {
          "Castle.Core": "5.1.1"
        }
      },
      "MSTest.TestAdapter": {
        "type": "Direct",
        "requested": "[3.3.1, )",
        "resolved": "3.3.1",
        "contentHash": "ddSsUEQKibWamkosqbQmuhb1DpToI2LJb01yEPDA4MIhXJah4oBOARlLLI7bjWSkkRLDz/iPlx2Uac9qgmHlHg==",
        "dependencies": {
          "Microsoft.Testing.Extensions.VSTestBridge": "1.1.0",
          "Microsoft.Testing.Platform.MSBuild": "1.1.0"
        }
      },
      "MSTest.TestFramework": {
        "type": "Direct",
        "requested": "[3.3.1, )",
        "resolved": "3.3.1",
        "contentHash": "020SuA2p8N7o+/AHC0SLgzGpyS1hNjR8m5tWxnuGqJ3HeJhArUbuPAU8RZr8Ll38ij8oiutGCkQ/G+ymyO51Ow=="
      },
      "Castle.Core": {
        "type": "Transitive",
        "resolved": "5.1.1",
        "contentHash": "rpYtIczkzGpf+EkZgDr9CClTdemhsrwA/W5hMoPjLkRFnXzH44zDLoovXeKtmxb1ykXK9aJVODSpiJml8CTw2g==",
        "dependencies": {
          "System.Diagnostics.EventLog": "6.0.0"
        }
      },
      "Microsoft.ApplicationInsights": {
        "type": "Transitive",
        "resolved": "2.22.0",
        "contentHash": "3AOM9bZtku7RQwHyMEY3tQMrHIgjcfRDa6YQpd/QG2LDGvMydSlL9Di+8LLMt7J2RDdfJ7/2jdYv6yHcMJAnNw==",
        "dependencies": {
          "System.Diagnostics.DiagnosticSource": "5.0.0"
        }
      },
      "Microsoft.CodeCoverage": {
        "type": "Transitive",
        "resolved": "17.9.0",
        "contentHash": "RGD37ZSrratfScYXm7M0HjvxMxZyWZL4jm+XgMZbkIY1UPgjUpbNA/t+WTGj/rC/0Hm9A3IrH3ywbKZkOCnoZA=="
      },
      "Microsoft.CSharp": {
        "type": "Transitive",
        "resolved": "4.7.0",
        "contentHash": "pTj+D3uJWyN3My70i2Hqo+OXixq3Os2D1nJ2x92FFo6sk8fYS1m1WLNTs0Dc1uPaViH0YvEEwvzddQ7y4rhXmA=="
      },
      "Microsoft.DotNet.PlatformAbstractions": {
        "type": "Transitive",
        "resolved": "3.1.6",
        "contentHash": "jek4XYaQ/PGUwDKKhwR8K47Uh1189PFzMeLqO83mXrXQVIpARZCcfuDedH50YDTepBkfijCZN5U/vZi++erxtg=="
      },
      "Microsoft.Extensions.DependencyModel": {
        "type": "Transitive",
        "resolved": "8.0.0",
        "contentHash": "NSmDw3K0ozNDgShSIpsZcbFIzBX4w28nDag+TfaQujkXGazBm+lid5onlWoCBy4VsLxqnnKjEBbGSJVWJMf43g==",
        "dependencies": {
          "System.Text.Encodings.Web": "8.0.0",
          "System.Text.Json": "8.0.0"
        }
      },
      "Microsoft.Testing.Extensions.Telemetry": {
        "type": "Transitive",
        "resolved": "1.1.0",
        "contentHash": "K9xjzIlNxUHHvVCYoQYjk3ojnNgS9Jhb9nHSuEAMl5QGhziNdHztGM3fzRQ72KRIA9MyeU75fCex8YZlsRkF1g==",
        "dependencies": {
          "Microsoft.ApplicationInsights": "2.22.0",
          "Microsoft.Testing.Platform": "1.1.0"
        }
      },
      "Microsoft.Testing.Extensions.TrxReport.Abstractions": {
        "type": "Transitive",
        "resolved": "1.1.0",
        "contentHash": "mspVaUbMAmsMg6IQaGJkypeCCYmUYYQkxFSRbSGdsTlzu9dpsH6spavSL6DUtkR7qd07ulYDlPCJ/yBU6TYdug==",
        "dependencies": {
          "Microsoft.Testing.Platform": "1.1.0"
        }
      },
      "Microsoft.Testing.Extensions.VSTestBridge": {
        "type": "Transitive",
        "resolved": "1.1.0",
        "contentHash": "6IcxNS8lARWd/7K/dDC0IAXRnUpQ9kC0Cb+Eu8biZG40pVDZoDEyn4QIuicJvPSCT1C72AtSUqKzZASO7i4gPg==",
        "dependencies": {
          "Microsoft.TestPlatform.ObjectModel": "17.5.0",
          "Microsoft.Testing.Extensions.Telemetry": "1.1.0",
          "Microsoft.Testing.Extensions.TrxReport.Abstractions": "1.1.0",
          "Microsoft.Testing.Platform": "1.1.0"
        }
      },
      "Microsoft.Testing.Platform": {
        "type": "Transitive",
        "resolved": "1.1.0",
        "contentHash": "on8S7PvvR9Ai5gL/DKN5KrE8e4ctsUIMEzCGY916D+8xj5W/ho0ru9OJiNk7vWFbQrGwpLs87xE7Q8RPLSO/og=="
      },
      "Microsoft.Testing.Platform.MSBuild": {
        "type": "Transitive",
        "resolved": "1.1.0",
        "contentHash": "n2F3OP27qPCSBDfi25DfIeuq3UtzB/BUlXJBCqu1HQc8n7ak5gfzWlkJwlOIk2PAltocdJWQHMfeVYfcLkZ41g==",
        "dependencies": {
          "Microsoft.Testing.Platform": "1.1.0"
        }
      },
      "Microsoft.TestPlatform.ObjectModel": {
        "type": "Transitive",
        "resolved": "17.9.0",
        "contentHash": "1ilw/8vgmjLyKU+2SKXKXaOqpYFJCQfGqGz+x0cosl981VzjrY74Sv6qAJv+neZMZ9ZMxF3ArN6kotaQ4uvEBw==",
        "dependencies": {
          "System.Reflection.Metadata": "1.6.0"
        }
      },
      "Microsoft.TestPlatform.TestHost": {
        "type": "Transitive",
        "resolved": "17.9.0",
        "contentHash": "Spmg7Wx49Ya3SxBjyeAR+nQpjMTKZwTwpZ7KyeOTIqI/WHNPnBU4HUvl5kuHPQAwGWqMy4FGZja1HvEwvoaDiA==",
        "dependencies": {
          "Microsoft.TestPlatform.ObjectModel": "17.9.0",
          "Newtonsoft.Json": "13.0.1"
        }
      },
      "Newtonsoft.Json": {
        "type": "Transitive",
        "resolved": "13.0.1",
        "contentHash": "ppPFpBcvxdsfUonNcvITKqLl3bqxWbDCZIzDWHzjpdAHRFfZe0Dw9HmA0+za13IdyrgJwpkDTDA9fHaxOrt20A=="
      },
      "Silk.NET.Core": {
        "type": "Transitive",
        "resolved": "2.21.0",
        "contentHash": "U8gATeEGvSIc1ogSdG/LKr6SLgOjkis7Oo/QzCq+aOoGjw4tHYRVpm02V+pHp/qlQhziBbdQ/Vl5d58cmFY+PA==",
        "dependencies": {
          "Microsoft.CSharp": "4.7.0",
          "Microsoft.DotNet.PlatformAbstractions": "3.1.6",
          "Microsoft.Extensions.DependencyModel": "8.0.0",
          "System.Memory": "4.5.5",
          "System.Numerics.Vectors": "4.5.0",
          "System.Runtime.CompilerServices.Unsafe": "6.0.0"
        }
      },
      "Silk.NET.GLFW": {
        "type": "Transitive",
        "resolved": "2.21.0",
        "contentHash": "HWu21xUICqYH9ZfSlQo4c71Q7o++tip2v7LiWczvEwgqlJacZ3L9c1+jyOlfcGo9IN9pRao8QIbPNC9dlMcSZQ==",
        "dependencies": {
          "Silk.NET.Core": "2.21.0",
          "Ultz.Native.GLFW": "3.4.0"
        }
      },
      "Silk.NET.Input": {
        "type": "Transitive",
        "resolved": "2.21.0",
        "contentHash": "XYAhE2/lBjGT5wOZ/6CrHSQhdg930jojpe75A9+GT0AtCRXiy+m8OVq5y1lHE9Qja/0YQkqR42jWvDWP2xbkkw==",
        "dependencies": {
          "Silk.NET.Input.Common": "2.21.0",
          "Silk.NET.Input.Glfw": "2.21.0",
          "Silk.NET.Input.Sdl": "2.21.0"
        }
      },
      "Silk.NET.Input.Common": {
        "type": "Transitive",
        "resolved": "2.21.0",
        "contentHash": "olS5rw8KEakrJXSWNEAcU52SesxpwYECjLFP/L+vA3G8Gr798DeOzwlp6PMZpQkqXYkmkxoOaSeL9Yjf4A5ayQ==",
        "dependencies": {
          "Silk.NET.Windowing.Common": "2.21.0"
        }
      },
      "Silk.NET.Input.Glfw": {
        "type": "Transitive",
        "resolved": "2.21.0",
        "contentHash": "Erkv6cYH8+BCQ//JqTstxlblVh7EkNZ7aJmwWb4+DH5S7xLbsd6brHaMoZmjS6AO06Gidmek8dLSTFFpPoesRg==",
        "dependencies": {
          "Silk.NET.Input.Common": "2.21.0",
          "Silk.NET.Windowing.Glfw": "2.21.0"
        }
      },
      "Silk.NET.Input.Sdl": {
        "type": "Transitive",
        "resolved": "2.21.0",
        "contentHash": "p6svgz5K6jAmh05eGBPk9GDDO2zasf2L1b2nnthivlx9ImyW6iN7LMYMU5mxtKCcbGVqNE8vLfe4nP1901cg6Q==",
        "dependencies": {
          "Silk.NET.Input.Common": "2.21.0",
          "Silk.NET.Windowing.Sdl": "2.21.0"
        }
      },
      "Silk.NET.Maths": {
        "type": "Transitive",
        "resolved": "2.21.0",
        "contentHash": "1Hv05KJmKXzzlp3+nFHl2A8yaugGkAj0gCSOaSsLFNFnwuLUIKLBGaC6y23JgGYnK+1t1DS40oPOquHQPI06rg=="
      },
      "Silk.NET.OpenGL": {
        "type": "Transitive",
        "resolved": "2.21.0",
        "contentHash": "/8SnCbIM8PpddkacZm7trt0VRiZyN0xGTdwZr4bjsgkfbuqM86Qf0JsQLFPkZqIiVDAiIkRgw94kQbzJVz10Iw==",
        "dependencies": {
          "Silk.NET.Core": "2.21.0",
          "Silk.NET.Maths": "2.21.0"
        }
      },
      "Silk.NET.SDL": {
        "type": "Transitive",
        "resolved": "2.21.0",
        "contentHash": "Abv1Fon0iT1tyN9ZrUZH1k2mVKPxLA9L2IKhmM7/I0VGvZ+xMta2vxvOGBZWfej1m/6wdSw24YONY86GLB1Y7g==",
        "dependencies": {
          "Silk.NET.Core": "2.21.0",
          "Silk.NET.Maths": "2.21.0",
          "Ultz.Native.SDL": "2.30.1"
        }
      },
      "Silk.NET.Windowing": {
        "type": "Transitive",
        "resolved": "2.21.0",
        "contentHash": "eLcqO5Ga4SpgVUU+STb071C4MJEhfEyPTiUvgOIBPUM5F7yMexWXNVoy65DzTrTPMNbuuMcfS45TrlJE322j+w==",
        "dependencies": {
          "Silk.NET.Windowing.Common": "2.21.0",
          "Silk.NET.Windowing.Glfw": "2.21.0"
        }
      },
      "Silk.NET.Windowing.Common": {
        "type": "Transitive",
        "resolved": "2.21.0",
        "contentHash": "kA+E52DU65Rjcu4CKHvpioz1FLRo/iabxsS+hEjOKxMKuus90hMQ0mADI6PVN8nbge4vaHZ9n28yGAOV7CXo+Q==",
        "dependencies": {
          "Silk.NET.Core": "2.21.0",
          "Silk.NET.Maths": "2.21.0"
        }
      },
      "Silk.NET.Windowing.Glfw": {
        "type": "Transitive",
        "resolved": "2.21.0",
        "contentHash": "q6EP6H9ZIksBTtN+QJiVU8HoHTMFpfkq5zYerikUGjtpPFf6U7ZamYp1Wjx8Hha/4SXyF/dSy58mWxWqjmhzRw==",
        "dependencies": {
          "Silk.NET.GLFW": "2.21.0",
          "Silk.NET.Windowing.Common": "2.21.0"
        }
      },
      "Silk.NET.Windowing.Sdl": {
        "type": "Transitive",
        "resolved": "2.21.0",
        "contentHash": "hxOGDdhF2d5oxcaUCdgWE5x3KUza9vxHYY2kVSawONRnSh+Irv39FAEDSzaYM9d9e+x3jDybUs2MbcaO2oXLRw==",
        "dependencies": {
          "Silk.NET.SDL": "2.21.0",
          "Silk.NET.Windowing.Common": "2.21.0"
        }
      },
      "System.Configuration.ConfigurationManager": {
        "type": "Transitive",
        "resolved": "4.4.0",
        "contentHash": "gWwQv/Ug1qWJmHCmN17nAbxJYmQBM/E94QxKLksvUiiKB1Ld3Sc/eK1lgmbSjDFxkQhVuayI/cGFZhpBSodLrg==",
        "dependencies": {
          "System.Security.Cryptography.ProtectedData": "4.4.0"
        }
      },
      "System.Diagnostics.DiagnosticSource": {
        "type": "Transitive",
        "resolved": "5.0.0",
        "contentHash": "tCQTzPsGZh/A9LhhA6zrqCRV4hOHsK90/G7q3Khxmn6tnB1PuNU0cRaKANP2AWcF9bn0zsuOoZOSrHuJk6oNBA=="
      },
      "System.Diagnostics.EventLog": {
        "type": "Transitive",
        "resolved": "6.0.0",
        "contentHash": "lcyUiXTsETK2ALsZrX+nWuHSIQeazhqPphLfaRxzdGaG93+0kELqpgEHtwWOlQe7+jSFnKwaCAgL4kjeZCQJnw=="
      },
      "System.Memory": {
        "type": "Transitive",
        "resolved": "4.5.5",
        "contentHash": "XIWiDvKPXaTveaB7HVganDlOCRoj03l+jrwNvcge/t8vhGYKvqV+dMv6G4SAX2NoNmN0wZfVPTAlFwZcZvVOUw=="
      },
      "System.Numerics.Vectors": {
        "type": "Transitive",
        "resolved": "4.5.0",
        "contentHash": "QQTlPTl06J/iiDbJCiepZ4H//BVraReU4O4EoRw1U02H5TLUIT7xn3GnDp9AXPSlJUDyFs4uWjWafNX6WrAojQ=="
      },
      "System.Reflection.Metadata": {
        "type": "Transitive",
        "resolved": "1.6.0",
        "contentHash": "COC1aiAJjCoA5GBF+QKL2uLqEBew4JsCkQmoHKbN3TlOZKa2fKLz5CpiRQKDz0RsAOEGsVKqOD5bomsXq/4STQ=="
      },
      "System.Runtime.CompilerServices.Unsafe": {
        "type": "Transitive",
        "resolved": "6.0.0",
        "contentHash": "/iUeP3tq1S0XdNNoMz5C9twLSrM/TH+qElHkXWaPvuNOt+99G75NrV0OS2EqHx5wMN7popYjpc8oTjC1y16DLg=="
      },
      "System.Security.Cryptography.ProtectedData": {
        "type": "Transitive",
        "resolved": "4.4.0",
        "contentHash": "cJV7ScGW7EhatRsjehfvvYVBvtiSMKgN8bOVI0bQhnF5bU7vnHVIsH49Kva7i7GWaWYvmEzkYVk1TC+gZYBEog=="
      },
      "System.Text.Encodings.Web": {
        "type": "Transitive",
        "resolved": "8.0.0",
        "contentHash": "yev/k9GHAEGx2Rg3/tU6MQh4HGBXJs70y7j1LaM1i/ER9po+6nnQ6RRqTJn1E7Xu0fbIFK80Nh5EoODxrbxwBQ=="
      },
      "System.Text.Json": {
        "type": "Transitive",
        "resolved": "8.0.0",
        "contentHash": "OdrZO2WjkiEG6ajEFRABTRCi/wuXQPxeV6g8xvUJqdxMvvuCCEk86zPla8UiIQJz3durtUEbNyY/3lIhS0yZvQ==",
        "dependencies": {
          "System.Text.Encodings.Web": "8.0.0"
        }
      },
      "Ultz.Native.GLFW": {
        "type": "Transitive",
        "resolved": "3.4.0",
        "contentHash": "Iy22JopynbOJ32vA0lBhFEzGi65GQJBuJHYBYRBpydrDpNoTiHnjIXfA65Gu+8qsOr/ZEoIF8r9aHCgAXuO6DA=="
      },
      "Ultz.Native.SDL": {
        "type": "Transitive",
        "resolved": "2.30.1",
        "contentHash": "5RRNMMEapbRdyFu1yk1HINakZRW0qycoTVR2DW3mb0AYsATro8Dek7POQP4H1bMpM4I3vGPkiKTM65CC9iSrCg=="
      },
      "glekcraft": {
        "type": "Project",
        "dependencies": {
          "Silk.NET.Input": "[2.21.0, )",
          "Silk.NET.OpenGL": "[2.21.0, )",
          "Silk.NET.Windowing": "[2.21.0, )"
        }
      }
    }
  }
}