{
  "version": 1,
  "dependencies": {
    "net8.0": {
      "coverlet.collector": {
        "type": "Direct",
        "requested": "[6.0.2, )",
        "resolved": "6.0.2",
        "contentHash": "bJShQ6uWRTQ100ZeyiMqcFlhP7WJ+bCuabUs885dJiBEzMsJMSFr7BOyeCw4rgvQokteGi5rKQTlkhfQPUXg2A=="
      },
      "FluentAssertions": {
        "type": "Direct",
        "requested": "[6.12.0, )",
        "resolved": "6.12.0",
        "contentHash": "ZXhHT2YwP9lajrwSKbLlFqsmCCvFJMoRSK9t7sImfnCyd0OB3MhgxdoMcVqxbq1iyxD6mD2fiackWmBb7ayiXQ==",
        "dependencies": {
          "System.Configuration.ConfigurationManager": "4.4.0"
        }
      },
      "FluentAssertions.ArgumentMatchers.Moq": {
        "type": "Direct",
        "requested": "[3.1.0, )",
        "resolved": "3.1.0",
        "contentHash": "NxeVGI7JlmGsyiqqJgNSH4RE2NUfFN3CwFwczirM8o5YixMwj0RuPkkXM+6RVAGD4RebSrO9vdgF0UungU7TeA==",
        "dependencies": {
          "FluentAssertions": "[6.0.0, 7.0.0)",
          "Moq": "[4.13.0, 5.0.0)"
        }
      },
      "Microsoft.NET.Test.Sdk": {
        "type": "Direct",
        "requested": "[17.9.0, )",
        "resolved": "17.9.0",
        "contentHash": "7GUNAUbJYn644jzwLm5BD3a2p9C1dmP8Hr6fDPDxgItQk9hBs1Svdxzz07KQ/UphMSmgza9AbijBJGmw5D658A==",
        "dependencies": {
          "Microsoft.CodeCoverage": "17.9.0",
          "Microsoft.TestPlatform.TestHost": "17.9.0"
        }
      },
      "Moq": {
        "type": "Direct",
        "requested": "[4.20.70, )",
        "resolved": "4.20.70",
        "contentHash": "4rNnAwdpXJBuxqrOCzCyICXHSImOTRktCgCWXWykuF1qwoIsVvEnR7PjbMk/eLOxWvhmj5Kwt+kDV3RGUYcNwg==",
        "dependencies": {
          "Castle.Core": "5.1.1"
        }
      },
      "MSTest.TestAdapter": {
        "type": "Direct",
        "requested": "[3.3.1, )",
        "resolved": "3.3.1",
        "contentHash": "ddSsUEQKibWamkosqbQmuhb1DpToI2LJb01yEPDA4MIhXJah4oBOARlLLI7bjWSkkRLDz/iPlx2Uac9qgmHlHg==",
        "dependencies": {
          "Microsoft.Testing.Extensions.VSTestBridge": "1.1.0",
          "Microsoft.Testing.Platform.MSBuild": "1.1.0"
        }
      },
      "MSTest.TestFramework": {
        "type": "Direct",
        "requested": "[3.3.1, )",
        "resolved": "3.3.1",
        "contentHash": "020SuA2p8N7o+/AHC0SLgzGpyS1hNjR8m5tWxnuGqJ3HeJhArUbuPAU8RZr8Ll38ij8oiutGCkQ/G+ymyO51Ow=="
      },
      "Castle.Core": {
        "type": "Transitive",
        "resolved": "5.1.1",
        "contentHash": "rpYtIczkzGpf+EkZgDr9CClTdemhsrwA/W5hMoPjLkRFnXzH44zDLoovXeKtmxb1ykXK9aJVODSpiJml8CTw2g==",
        "dependencies": {
          "System.Diagnostics.EventLog": "6.0.0"
        }
      },
      "Microsoft.ApplicationInsights": {
        "type": "Transitive",
        "resolved": "2.22.0",
        "contentHash": "3AOM9bZtku7RQwHyMEY3tQMrHIgjcfRDa6YQpd/QG2LDGvMydSlL9Di+8LLMt7J2RDdfJ7/2jdYv6yHcMJAnNw==",
        "dependencies": {
          "System.Diagnostics.DiagnosticSource": "5.0.0"
        }
      },
      "Microsoft.CodeCoverage": {
        "type": "Transitive",
        "resolved": "17.9.0",
        "contentHash": "RGD37ZSrratfScYXm7M0HjvxMxZyWZL4jm+XgMZbkIY1UPgjUpbNA/t+WTGj/rC/0Hm9A3IrH3ywbKZkOCnoZA=="
      },
      "Microsoft.CSharp": {
        "type": "Transitive",
        "resolved": "4.7.0",
        "contentHash": "pTj+D3uJWyN3My70i2Hqo+OXixq3Os2D1nJ2x92FFo6sk8fYS1m1WLNTs0Dc1uPaViH0YvEEwvzddQ7y4rhXmA=="
      },
      "Microsoft.DotNet.PlatformAbstractions": {
        "type": "Transitive",
        "resolved": "3.1.6",
        "contentHash": "jek4XYaQ/PGUwDKKhwR8K47Uh1189PFzMeLqO83mXrXQVIpARZCcfuDedH50YDTepBkfijCZN5U/vZi++erxtg=="
      },
      "Microsoft.Extensions.DependencyModel": {
        "type": "Transitive",
        "resolved": "8.0.0",
        "contentHash": "NSmDw3K0ozNDgShSIpsZcbFIzBX4w28nDag+TfaQujkXGazBm+lid5onlWoCBy4VsLxqnnKjEBbGSJVWJMf43g==",
        "dependencies": {
          "System.Text.Encodings.Web": "8.0.0",
          "System.Text.Json": "8.0.0"
        }
      },
      "Microsoft.Testing.Extensions.Telemetry": {
        "type": "Transitive",
        "resolved": "1.1.0",
        "contentHash": "K9xjzIlNxUHHvVCYoQYjk3ojnNgS9Jhb9nHSuEAMl5QGhziNdHztGM3fzRQ72KRIA9MyeU75fCex8YZlsRkF1g==",
        "dependencies": {
          "Microsoft.ApplicationInsights": "2.22.0",
          "Microsoft.Testing.Platform": "1.1.0"
        }
      },
      "Microsoft.Testing.Extensions.TrxReport.Abstractions": {
        "type": "Transitive",
        "resolved": "1.1.0",
        "contentHash": "mspVaUbMAmsMg6IQaGJkypeCCYmUYYQkxFSRbSGdsTlzu9dpsH6spavSL6DUtkR7qd07ulYDlPCJ/yBU6TYdug==",
        "dependencies": {
          "Microsoft.Testing.Platform": "1.1.0"
        }
      },
      "Microsoft.Testing.Extensions.VSTestBridge": {
        "type": "Transitive",
        "resolved": "1.1.0",
        "contentHash": "6IcxNS8lARWd/7K/dDC0IAXRnUpQ9kC0Cb+Eu8biZG40pVDZoDEyn4QIuicJvPSCT1C72AtSUqKzZASO7i4gPg==",
        "dependencies": {
          "Microsoft.TestPlatform.ObjectModel": "17.5.0",
          "Microsoft.Testing.Extensions.Telemetry": "1.1.0",
          "Microsoft.Testing.Extensions.TrxReport.Abstractions": "1.1.0",
          "Microsoft.Testing.Platform": "1.1.0"
        }
      },
      "Microsoft.Testing.Platform": {
        "type": "Transitive",
        "resolved": "1.1.0",
        "contentHash": "on8S7PvvR9Ai5gL/DKN5KrE8e4ctsUIMEzCGY916D+8xj5W/ho0ru9OJiNk7vWFbQrGwpLs87xE7Q8RPLSO/og=="
      },
      "Microsoft.Testing.Platform.MSBuild": {
        "type": "Transitive",
        "resolved": "1.1.0",
        "contentHash": "n2F3OP27qPCSBDfi25DfIeuq3UtzB/BUlXJBCqu1HQc8n7ak5gfzWlkJwlOIk2PAltocdJWQHMfeVYfcLkZ41g==",
        "dependencies": {
          "Microsoft.Testing.Platform": "1.1.0"
        }
      },
      "Microsoft.TestPlatform.ObjectModel": {
        "type": "Transitive",
        "resolved": "17.9.0",
        "contentHash": "1ilw/8vgmjLyKU+2SKXKXaOqpYFJCQfGqGz+x0cosl981VzjrY74Sv6qAJv+neZMZ9ZMxF3ArN6kotaQ4uvEBw==",
        "dependencies": {
          "System.Reflection.Metadata": "1.6.0"
        }
      },
      "Microsoft.TestPlatform.TestHost": {
        "type": "Transitive",
        "resolved": "17.9.0",
        "contentHash": "Spmg7Wx49Ya3SxBjyeAR+nQpjMTKZwTwpZ7KyeOTIqI/WHNPnBU4HUvl5kuHPQAwGWqMy4FGZja1HvEwvoaDiA==",
        "dependencies": {
          "Microsoft.TestPlatform.ObjectModel": "17.9.0",
          "Newtonsoft.Json": "13.0.1"
        }
      },
      "Newtonsoft.Json": {
        "type": "Transitive",
        "resolved": "13.0.1",
        "contentHash": "ppPFpBcvxdsfUonNcvITKqLl3bqxWbDCZIzDWHzjpdAHRFfZe0Dw9HmA0+za13IdyrgJwpkDTDA9fHaxOrt20A=="
      },
      "Silk.NET.Core": {
        "type": "Transitive",
        "resolved": "2.20.0",
        "contentHash": "vin8fW0bUBD3hDbN3s3br+ePtAzzdOCygslGfb7JR86ZKVQ/fAsgLcKQLDbNjZAn020F4eUEg/UNEZqpBwhOcg==",
        "dependencies": {
          "Microsoft.CSharp": "4.7.0",
          "Microsoft.DotNet.PlatformAbstractions": "3.1.6",
          "Microsoft.Extensions.DependencyModel": "8.0.0",
          "System.Memory": "4.5.5",
          "System.Numerics.Vectors": "4.5.0",
          "System.Runtime.CompilerServices.Unsafe": "6.0.0"
        }
      },
      "Silk.NET.GLFW": {
        "type": "Transitive",
        "resolved": "2.20.0",
        "contentHash": "VCnaHew1xH+j0AxS54zVQNLQ4HJAaTpIFQdPpmMzbJ3XB21zNPV/5MBGhz4PyBgXKEHezjT6NPkYOerbzHqkfA==",
        "dependencies": {
          "Silk.NET.Core": "2.20.0",
          "Ultz.Native.GLFW": "3.3.9.2"
        }
      },
      "Silk.NET.Input": {
        "type": "Transitive",
        "resolved": "2.20.0",
        "contentHash": "RUM56lvG2ZX8/+Kmx9SGqUlXeEOtfdIVTkB6WG0Fc+Wl1Gs59FUj3du5+Brsx6M8fqS8QF4xF1z38Su/H10jBg==",
        "dependencies": {
          "Silk.NET.Input.Common": "2.20.0",
          "Silk.NET.Input.Glfw": "2.20.0",
          "Silk.NET.Input.Sdl": "2.20.0"
        }
      },
      "Silk.NET.Input.Common": {
        "type": "Transitive",
        "resolved": "2.20.0",
        "contentHash": "onPElezFywVC68Ir94rHZ17Eptw/bpuryBdcLwuYnHIAawgouMheVBL2b+b9i7Aexv6gIaN6X5H9t8JSeKPzUQ==",
        "dependencies": {
          "Silk.NET.Windowing.Common": "2.20.0"
        }
      },
      "Silk.NET.Input.Glfw": {
        "type": "Transitive",
        "resolved": "2.20.0",
        "contentHash": "8asmacZLFfe8JoiM2iDlc581300Pk1CrKviPEBkkg/5XBpEWcuYeZxpoy6+8tNgCq6ebB142ufACUPdfw7XS+Q==",
        "dependencies": {
          "Silk.NET.Input.Common": "2.20.0",
          "Silk.NET.Windowing.Glfw": "2.20.0"
        }
      },
      "Silk.NET.Input.Sdl": {
        "type": "Transitive",
        "resolved": "2.20.0",
        "contentHash": "IFC2v5bjVgyjpMy5/KLwhpCV6aWPLWevuAwxeohWWavoJq8lzZd6D2b8Mk5mHE17JYU3ksc5YcuZf2vz3xmFiQ==",
        "dependencies": {
          "Silk.NET.Input.Common": "2.20.0",
          "Silk.NET.Windowing.Sdl": "2.20.0"
        }
      },
      "Silk.NET.Maths": {
        "type": "Transitive",
        "resolved": "2.20.0",
        "contentHash": "m9QxEPE6Y/m7AXTTKBbuy53Proi8k+HlvYa5x/UKbhcAbursIFFOJS8tVfCpRdZ3QGTfKBFlfifzJhByal8Vjw=="
      },
      "Silk.NET.OpenGL": {
        "type": "Transitive",
        "resolved": "2.20.0",
        "contentHash": "VMeNmTCBmMGGnVu3hvc8QvQdUqU4W98ca5p75lLlxJF4YvJqNIPPVAbPWs65oAdoi5FT4UoOl9CS3i89VTPxEA==",
        "dependencies": {
          "Silk.NET.Core": "2.20.0",
          "Silk.NET.Maths": "2.20.0"
        }
      },
      "Silk.NET.SDL": {
        "type": "Transitive",
        "resolved": "2.20.0",
        "contentHash": "AQTPGMEqv2gh5A91wRMGWJ5Dh9rrsKiHNsIKB6aJE6eIZOYdZM96kg/z4W1EDto1R7jJY1+f/k65D7ZM1H1M6w==",
        "dependencies": {
          "Silk.NET.Core": "2.20.0",
          "Silk.NET.Maths": "2.20.0",
          "Ultz.Native.SDL": "2.28.4"
        }
      },
      "Silk.NET.Windowing": {
        "type": "Transitive",
        "resolved": "2.20.0",
        "contentHash": "49WVTjv9gOWH5tvw/QkDvjCkzj7Mwzp/kc7eXGdAnw7tygcAYithqPnmtnpHryZzs1tOfQzcQiX0cha/IYNhmA==",
        "dependencies": {
          "Silk.NET.Windowing.Common": "2.20.0",
          "Silk.NET.Windowing.Glfw": "2.20.0"
        }
      },
      "Silk.NET.Windowing.Common": {
        "type": "Transitive",
        "resolved": "2.20.0",
        "contentHash": "ZsF5ddWPkQhwAlSBz2PetaBUO64u+pVAP9bOb2oGZlEHp0iH+NxfEN/zswcUntE2Dm9yHB8bdmwVD82MEOwj6Q==",
        "dependencies": {
          "Silk.NET.Core": "2.20.0",
          "Silk.NET.Maths": "2.20.0"
        }
      },
      "Silk.NET.Windowing.Glfw": {
        "type": "Transitive",
        "resolved": "2.20.0",
        "contentHash": "6w6QvdAyxeQcaLWqNOrT2juHJD0VAxSdI8Iwx9t5NuaPvJmf5VuVL2JN7zY9bQY2wUpOIEho/b6RoKwbfg5ekw==",
        "dependencies": {
          "Silk.NET.GLFW": "2.20.0",
          "Silk.NET.Windowing.Common": "2.20.0"
        }
      },
      "Silk.NET.Windowing.Sdl": {
        "type": "Transitive",
        "resolved": "2.20.0",
        "contentHash": "Os5752+77ft+73U7hYmlrVajCMoD/etss5jVUSUteyifLh71ieQMQ046SdhoEtltsm1MmTp02T986GsXu82+BQ==",
        "dependencies": {
          "Silk.NET.SDL": "2.20.0",
          "Silk.NET.Windowing.Common": "2.20.0"
        }
      },
      "System.Configuration.ConfigurationManager": {
        "type": "Transitive",
        "resolved": "4.4.0",
        "contentHash": "gWwQv/Ug1qWJmHCmN17nAbxJYmQBM/E94QxKLksvUiiKB1Ld3Sc/eK1lgmbSjDFxkQhVuayI/cGFZhpBSodLrg==",
        "dependencies": {
          "System.Security.Cryptography.ProtectedData": "4.4.0"
        }
      },
      "System.Diagnostics.DiagnosticSource": {
        "type": "Transitive",
        "resolved": "5.0.0",
        "contentHash": "tCQTzPsGZh/A9LhhA6zrqCRV4hOHsK90/G7q3Khxmn6tnB1PuNU0cRaKANP2AWcF9bn0zsuOoZOSrHuJk6oNBA=="
      },
      "System.Diagnostics.EventLog": {
        "type": "Transitive",
        "resolved": "6.0.0",
        "contentHash": "lcyUiXTsETK2ALsZrX+nWuHSIQeazhqPphLfaRxzdGaG93+0kELqpgEHtwWOlQe7+jSFnKwaCAgL4kjeZCQJnw=="
      },
      "System.Memory": {
        "type": "Transitive",
        "resolved": "4.5.5",
        "contentHash": "XIWiDvKPXaTveaB7HVganDlOCRoj03l+jrwNvcge/t8vhGYKvqV+dMv6G4SAX2NoNmN0wZfVPTAlFwZcZvVOUw=="
      },
      "System.Numerics.Vectors": {
        "type": "Transitive",
        "resolved": "4.5.0",
        "contentHash": "QQTlPTl06J/iiDbJCiepZ4H//BVraReU4O4EoRw1U02H5TLUIT7xn3GnDp9AXPSlJUDyFs4uWjWafNX6WrAojQ=="
      },
      "System.Reflection.Metadata": {
        "type": "Transitive",
        "resolved": "1.6.0",
        "contentHash": "COC1aiAJjCoA5GBF+QKL2uLqEBew4JsCkQmoHKbN3TlOZKa2fKLz5CpiRQKDz0RsAOEGsVKqOD5bomsXq/4STQ=="
      },
      "System.Runtime.CompilerServices.Unsafe": {
        "type": "Transitive",
        "resolved": "6.0.0",
        "contentHash": "/iUeP3tq1S0XdNNoMz5C9twLSrM/TH+qElHkXWaPvuNOt+99G75NrV0OS2EqHx5wMN7popYjpc8oTjC1y16DLg=="
      },
      "System.Security.Cryptography.ProtectedData": {
        "type": "Transitive",
        "resolved": "4.4.0",
        "contentHash": "cJV7ScGW7EhatRsjehfvvYVBvtiSMKgN8bOVI0bQhnF5bU7vnHVIsH49Kva7i7GWaWYvmEzkYVk1TC+gZYBEog=="
      },
      "System.Text.Encodings.Web": {
        "type": "Transitive",
        "resolved": "8.0.0",
        "contentHash": "yev/k9GHAEGx2Rg3/tU6MQh4HGBXJs70y7j1LaM1i/ER9po+6nnQ6RRqTJn1E7Xu0fbIFK80Nh5EoODxrbxwBQ=="
      },
      "System.Text.Json": {
        "type": "Transitive",
        "resolved": "8.0.0",
        "contentHash": "OdrZO2WjkiEG6ajEFRABTRCi/wuXQPxeV6g8xvUJqdxMvvuCCEk86zPla8UiIQJz3durtUEbNyY/3lIhS0yZvQ==",
        "dependencies": {
          "System.Text.Encodings.Web": "8.0.0"
        }
      },
      "Ultz.Native.GLFW": {
        "type": "Transitive",
        "resolved": "3.3.9.2",
        "contentHash": "4b7gJEfMZcw207CZkFV3VUBagmHlX9jYVkk1mrzacnAOgr90JoZSILTEFPc5lz5LT7yFKxQnsnqqIsFnVO7k/Q=="
      },
      "Ultz.Native.SDL": {
        "type": "Transitive",
        "resolved": "2.28.4",
        "contentHash": "PNjy7xHiR3p8xkzfVSGhPlRYkzGZjVH6sFiJn2zMNKDQOXxqawUXJAyhFOUpdN36gyVJ26Gl4Z2CcmoLrgEArA=="
      },
      "glekcraft": {
        "type": "Project",
        "dependencies": {
          "Silk.NET.Input": "[2.20.0, )",
          "Silk.NET.OpenGL": "[2.20.0, )",
          "Silk.NET.Windowing": "[2.20.0, )"
        }
      }
    }
  }
}