{
    "version": 1,
    "dependencies": {
        "net10.0": {
            "AwesomeAssertions": {
                "type": "Direct",
                "requested": "[9.2.0, )",
                "resolved": "9.2.0",
                "contentHash": "RCkuFyKmesmZR74XLOzYvTpG/IbHfBeFapFTMvFskPzEK4z3YrVmHB2FIFJ0DhwjuIDdPL/hc8zS40IwMAN0BA=="
            },
            "Bogus": {
                "type": "Direct",
                "requested": "[35.6.4, )",
                "resolved": "35.6.4",
                "contentHash": "9ruy4agpXZ2L3B29IypUZJh61/lq+7Tbs03KyS0Uxrkx7c20JuWB1vMtZ0xBqwnekZGphjBhX7MkhM1nb5BA5g=="
            },
            "coverlet.collector": {
                "type": "Direct",
                "requested": "[6.0.4, )",
                "resolved": "6.0.4",
                "contentHash": "lkhqpF8Pu2Y7IiN7OntbsTtdbpR1syMsm2F3IgX6ootA4ffRqWL5jF7XipHuZQTdVuWG/gVAAcf8mjk8Tz0xPg=="
            },
            "Microsoft.NET.Test.Sdk": {
                "type": "Direct",
                "requested": "[17.14.1, )",
                "resolved": "17.14.1",
                "contentHash": "HJKqKOE+vshXra2aEHpi2TlxYX7Z9VFYkr+E5rwEvHC8eIXiyO+K9kNm8vmNom3e2rA56WqxU+/N9NJlLGXsJQ==",
                "dependencies": {
                    "Microsoft.CodeCoverage": "17.14.1",
                    "Microsoft.TestPlatform.TestHost": "17.14.1"
                }
            },
            "Moq": {
                "type": "Direct",
                "requested": "[4.20.72, )",
                "resolved": "4.20.72",
                "contentHash": "EA55cjyNn8eTNWrgrdZJH5QLFp2L43oxl1tlkoYUKIE9pRwL784OWiTXeCV5ApS+AMYEAlt7Fo03A2XfouvHmQ==",
                "dependencies": {
                    "Castle.Core": "5.1.1"
                }
            },
            "MSTest": {
                "type": "Direct",
                "requested": "[3.11.0, )",
                "resolved": "3.11.0",
                "contentHash": "mhrCdqtocZQVbEB8t6Uzm27kLPbejUZosM94sehrqWRAJEbL//gu9tKiOXQJiF8dClr7KT4UB7EllCglyX1bnA==",
                "dependencies": {
                    "MSTest.TestAdapter": "3.11.0",
                    "MSTest.TestFramework": "3.11.0",
                    "Microsoft.NET.Test.Sdk": "17.13.0",
                    "Microsoft.Testing.Extensions.CodeCoverage": "18.0.4",
                    "Microsoft.Testing.Extensions.TrxReport": "1.9.0"
                }
            },
            "Castle.Core": {
                "type": "Transitive",
                "resolved": "5.1.1",
                "contentHash": "rpYtIczkzGpf+EkZgDr9CClTdemhsrwA/W5hMoPjLkRFnXzH44zDLoovXeKtmxb1ykXK9aJVODSpiJml8CTw2g==",
                "dependencies": {
                    "System.Diagnostics.EventLog": "6.0.0"
                }
            },
            "Microsoft.ApplicationInsights": {
                "type": "Transitive",
                "resolved": "2.23.0",
                "contentHash": "nWArUZTdU7iqZLycLKWe0TDms48KKGE6pONH2terYNa8REXiqixrMOkf1sk5DHGMaUTqONU2YkS4SAXBhLStgw=="
            },
            "Microsoft.CodeCoverage": {
                "type": "Transitive",
                "resolved": "17.14.1",
                "contentHash": "pmTrhfFIoplzFVbhVwUquT+77CbGH+h4/3mBpdmIlYtBi9nAB+kKI6dN3A/nV4DFi3wLLx/BlHIPK+MkbQ6Tpg=="
            },
            "Microsoft.DiaSymReader": {
                "type": "Transitive",
                "resolved": "2.0.0",
                "contentHash": "QcZrCETsBJqy/vQpFtJc+jSXQ0K5sucQ6NUFbTNVHD4vfZZOwjZ/3sBzczkC4DityhD3AVO/+K/+9ioLs1AgRA=="
            },
            "Microsoft.Extensions.DependencyModel": {
                "type": "Transitive",
                "resolved": "6.0.2",
                "contentHash": "HS5YsudCGSVoCVdsYJ5FAO9vx0z04qSAXgVzpDJSQ1/w/X9q8hrQVGU2p+Yfui+2KcXLL+Zjc0SX3yJWtBmYiw=="
            },
            "Microsoft.Testing.Extensions.CodeCoverage": {
                "type": "Transitive",
                "resolved": "18.0.4",
                "contentHash": "g4yWI018dft4DUwUgOFd9IPOezZyZc/IkDuewPBXdGZk+hr+6x1CNkEuYsknDVcB9O8/HK/rQzRR8xAaUAGjhg==",
                "dependencies": {
                    "Microsoft.DiaSymReader": "2.0.0",
                    "Microsoft.Extensions.DependencyModel": "6.0.2",
                    "Microsoft.Testing.Platform": "1.8.4"
                }
            },
            "Microsoft.Testing.Extensions.Telemetry": {
                "type": "Transitive",
                "resolved": "1.9.0",
                "contentHash": "4ica7o+ZreUCsXoQLShWeLz6K5q9D/B+VgXvmpPSLsnSpK4DLZfMyltBaBr83Tnm21c1riOKcXXEk920Ael17Q==",
                "dependencies": {
                    "Microsoft.ApplicationInsights": "2.23.0",
                    "Microsoft.Testing.Platform": "1.9.0"
                }
            },
            "Microsoft.Testing.Extensions.TrxReport": {
                "type": "Transitive",
                "resolved": "1.9.0",
                "contentHash": "/hcQOJ9Ktrz/nA90kUpN9mwZ4eWfiZLfO64Jq08Etf8YbidLtZFb3Xs/3v1amxAZ4nrTbQpmwr9X/aTs4LRBhQ==",
                "dependencies": {
                    "Microsoft.Testing.Extensions.TrxReport.Abstractions": "1.9.0",
                    "Microsoft.Testing.Platform": "1.9.0"
                }
            },
            "Microsoft.Testing.Extensions.TrxReport.Abstractions": {
                "type": "Transitive",
                "resolved": "1.9.0",
                "contentHash": "ZC7Xwva/+dREnZ5BU0gozA1uT2cFwt90uY9maPLy1lLpiedR/Fu3K2FiwLg70hJjT+tGblYmxzuNa8z1jQVSGw==",
                "dependencies": {
                    "Microsoft.Testing.Platform": "1.9.0"
                }
            },
            "Microsoft.Testing.Extensions.VSTestBridge": {
                "type": "Transitive",
                "resolved": "1.9.0",
                "contentHash": "g5WN9QEMaEkdnWqouF6EsK46pX1vHmekQyOlehDtNl5e8PXu1ZffCqVKM74pQsh7HfCb3FKjzoZUrUJB9E75zQ==",
                "dependencies": {
                    "Microsoft.TestPlatform.AdapterUtilities": "17.13.0",
                    "Microsoft.TestPlatform.ObjectModel": "17.13.0",
                    "Microsoft.Testing.Extensions.Telemetry": "1.9.0",
                    "Microsoft.Testing.Extensions.TrxReport.Abstractions": "1.9.0",
                    "Microsoft.Testing.Platform": "1.9.0"
                }
            },
            "Microsoft.Testing.Platform": {
                "type": "Transitive",
                "resolved": "1.9.0",
                "contentHash": "OE79Vc5rXwFYciAPY/mqv92XvdhK+pvCHdVHcS0bBpWwWQbnzI18FiSEEYY+lYpB0HHl0fDQgcCK3ZTYKGs8bA=="
            },
            "Microsoft.Testing.Platform.MSBuild": {
                "type": "Transitive",
                "resolved": "1.9.0",
                "contentHash": "P7c0HfBJ/AqKyRfmaA+cyl8I9jxDEyvQRJvMUH5IZCjACTPQ9wXb0xdA0CmcxhBUtm20GxWvx2fq3fMxG11hDg==",
                "dependencies": {
                    "Microsoft.Testing.Platform": "1.9.0"
                }
            },
            "Microsoft.TestPlatform.AdapterUtilities": {
                "type": "Transitive",
                "resolved": "17.13.0",
                "contentHash": "bFZ3uAhosdXjyXKURDQy37fPosCJQwedB5DG/SzsXL1QXsrfsIYty2kQMqCRRUqm8sBZBRHWRp4BT9SmpWXcKQ=="
            },
            "Microsoft.TestPlatform.ObjectModel": {
                "type": "Transitive",
                "resolved": "17.14.1",
                "contentHash": "xTP1W6Mi6SWmuxd3a+jj9G9UoC850WGwZUps1Wah9r1ZxgXhdJfj1QqDLJkFjHDCvN42qDL2Ps5KjQYWUU0zcQ=="
            },
            "Microsoft.TestPlatform.TestHost": {
                "type": "Transitive",
                "resolved": "17.14.1",
                "contentHash": "d78LPzGKkJwsJXAQwsbJJ7LE7D1wB+rAyhHHAaODF+RDSQ0NgMjDFkSA1Djw18VrxO76GlKAjRUhl+H8NL8Z+Q==",
                "dependencies": {
                    "Microsoft.TestPlatform.ObjectModel": "17.14.1",
                    "Newtonsoft.Json": "13.0.3"
                }
            },
            "MSTest.Analyzers": {
                "type": "Transitive",
                "resolved": "3.11.0",
                "contentHash": "RJAcnF9izm2ln8qytMC0NqAzCIAgnEJONVl6y9omTRahOseCF7TL8kPYo6uSfHfU8acm0eX+H08clJqXcZWNxw=="
            },
            "MSTest.TestAdapter": {
                "type": "Transitive",
                "resolved": "3.11.0",
                "contentHash": "agQTb5zu1xIYcdPQjvG1mlG+ppb2eaBWSH68BeHWk9EEtV0kxI5p1s66/sqVnWerVtRiTGxPG9cUjLWL1BtKRw==",
                "dependencies": {
                    "Microsoft.Testing.Extensions.VSTestBridge": "1.9.0",
                    "Microsoft.Testing.Platform.MSBuild": "1.9.0"
                }
            },
            "MSTest.TestFramework": {
                "type": "Transitive",
                "resolved": "3.11.0",
                "contentHash": "57sKvtMHk8LPA39sRZTSPFgECZf24fntfOEIH+GpTyVYCKasuGObgEg3XlzsKplu5Vdm65qUayl7ytUavFCKdA==",
                "dependencies": {
                    "MSTest.Analyzers": "3.11.0"
                }
            },
            "Newtonsoft.Json": {
                "type": "Transitive",
                "resolved": "13.0.3",
                "contentHash": "HrC5BXdl00IP9zeV+0Z848QWPAoCr9P3bDEZguI+gkLcBKAOxix/tLEAAHC+UvDNPv4a2d18lOReHMOagPa+zQ=="
            },
            "System.Diagnostics.EventLog": {
                "type": "Transitive",
                "resolved": "6.0.0",
                "contentHash": "lcyUiXTsETK2ALsZrX+nWuHSIQeazhqPphLfaRxzdGaG93+0kELqpgEHtwWOlQe7+jSFnKwaCAgL4kjeZCQJnw=="
            },
            "glekcraft": {
                "type": "Project"
            }
        }
    }
}
