{
    "version": 1,
    "dependencies": {
        "net8.0": {
            "glekcraft.graphics.glfw": {
                "type": "Project",
                "dependencies": {
                    "Glekcraft.Native.GLFW": "[1.0.0, )"
                }
            },
            "glekcraft.native.glfw": {
                "type": "Project"
            }
        },
        "net8.0/linux-x64": {},
        "net8.0/osx-arm64": {},
        "net8.0/osx-x64": {},
        "net8.0/win-x64": {}
    }
}
