{
    "version": 1,
    "dependencies": {
        "net8.0": {
            "Ultz.Native.GLFW": {
                "type": "Transitive",
                "resolved": "3.4.0",
                "contentHash": "Iy22JopynbOJ32vA0lBhFEzGi65GQJBuJHYBYRBpydrDpNoTiHnjIXfA65Gu+8qsOr/ZEoIF8r9aHCgAXuO6DA=="
            },
            "glekcraft.graphics.glfw": {
                "type": "Project",
                "dependencies": {
                    "Ultz.Native.GLFW": "[3.4.0, )"
                }
            }
        },
        "net8.0/linux-x64": {
            "Ultz.Native.GLFW": {
                "type": "Transitive",
                "resolved": "3.4.0",
                "contentHash": "Iy22JopynbOJ32vA0lBhFEzGi65GQJBuJHYBYRBpydrDpNoTiHnjIXfA65Gu+8qsOr/ZEoIF8r9aHCgAXuO6DA=="
            }
        },
        "net8.0/osx-arm64": {
            "Ultz.Native.GLFW": {
                "type": "Transitive",
                "resolved": "3.4.0",
                "contentHash": "Iy22JopynbOJ32vA0lBhFEzGi65GQJBuJHYBYRBpydrDpNoTiHnjIXfA65Gu+8qsOr/ZEoIF8r9aHCgAXuO6DA=="
            }
        },
        "net8.0/osx-x64": {
            "Ultz.Native.GLFW": {
                "type": "Transitive",
                "resolved": "3.4.0",
                "contentHash": "Iy22JopynbOJ32vA0lBhFEzGi65GQJBuJHYBYRBpydrDpNoTiHnjIXfA65Gu+8qsOr/ZEoIF8r9aHCgAXuO6DA=="
            }
        },
        "net8.0/win-x64": {
            "Ultz.Native.GLFW": {
                "type": "Transitive",
                "resolved": "3.4.0",
                "contentHash": "Iy22JopynbOJ32vA0lBhFEzGi65GQJBuJHYBYRBpydrDpNoTiHnjIXfA65Gu+8qsOr/ZEoIF8r9aHCgAXuO6DA=="
            }
        }
    }
}
